SITE
  remote: http://community.opscode.com/api/v1
  specs:
    apache2 (1.10.4)
      iptables (>= 0.0.0)
      logrotate (>= 0.0.0)
      pacman (>= 0.0.0)
    apt (2.4.0)
    aws (2.2.2)
    build-essential (2.0.4)
    chef-sugar (2.0.0)
    chef_handler (1.1.6)
    composer (1.0.3)
      php (>= 0.0.0)
    database (2.2.0)
      aws (>= 0.0.0)
      mysql (>= 5.0.0)
      mysql-chef_gem (>= 0.0.0)
      postgresql (>= 1.0.0)
      xfs (>= 0.0.0)
    dmg (2.2.0)
    erlang (1.5.4)
      apt (>= 1.7.0)
      build-essential (>= 0.0.0)
      yum (~> 3.0)
      yum-epel (>= 0.0.0)
      yum-erlang_solutions (>= 0.0.0)
    git (4.0.2)
      build-essential (>= 0.0.0)
      dmg (>= 0.0.0)
      runit (>= 1.0.0)
      windows (>= 0.0.0)
      yum (~> 3.0)
      yum-epel (>= 0.0.0)
    iis (2.1.2)
      windows (>= 1.2.6)
    iptables (0.13.2)
    logrotate (1.6.0)
    mysql (5.3.6)
      yum-mysql-community (>= 0.0.0)
    mysql-chef_gem (0.0.2)
      build-essential (>= 0.0.0)
      mysql (>= 0.0.0)
    openssl (2.0.0)
      chef-sugar (>= 0.0.0)
    pacman (1.1.1)
    php (1.4.6)
      build-essential (>= 0.0.0)
      iis (>= 0.0.0)
      mysql (>= 0.0.0)
      windows (>= 0.0.0)
      xml (>= 0.0.0)
      yum-epel (>= 0.0.0)
    postgresql (3.4.1)
      apt (>= 1.9.0)
      build-essential (>= 0.0.0)
      openssl (>= 0.0.0)
    python (1.4.6)
      build-essential (>= 0.0.0)
      yum-epel (>= 0.0.0)
    rabbitmq (3.2.2)
      erlang (>= 0.9.0)
    rubygems (0.3.0)
    runit (1.5.10)
      build-essential (>= 0.0.0)
      yum (~> 3.0)
      yum-epel (>= 0.0.0)
    subversion (1.1.2)
      apache2 (~> 1.7)
      windows (~> 1.10)
    vim (1.1.2)
    windows (1.31.0)
      chef_handler (>= 0.0.0)
    xfs (1.1.0)
    xml (1.2.6)
      build-essential (>= 0.0.0)
      chef-sugar (>= 0.0.0)
    yum (3.2.2)
    yum-epel (0.3.6)
      yum (~> 3.0)
    yum-erlang_solutions (0.2.0)
      yum (~> 3.0)
    yum-mysql-community (0.1.8)
      yum (>= 3.0.0)

GIT
  remote: https://github.com/andygrunwald/chef-github-linguist
  ref: master
  sha: e581bc17aa1ed1623ffd1d915e529877a063d8ab
  specs:
    linguist (2.0.0)
      git (>= 0.0.0)
      rubygems (>= 0.0.0)

GIT
  remote: https://github.com/andygrunwald/chef-grimoire
  ref: master
  sha: 50871bc5c9c1f213818c546c39cf551edded567a
  specs:
    grimoire (0.0.1)
      git (>= 0.0.0)
      python (>= 0.0.0)
      subversion (>= 0.0.0)

GIT
  remote: https://github.com/andygrunwald/chef-jacobine.git
  ref: master
  sha: 702b2a8413fdc3180dcceb22084b353994ba3bf6
  specs:
    jacobine (3.3.0)
      apache2 (>= 0.0.0)
      composer (>= 0.0.0)
      database (>= 0.0.0)
      dotdeb (>= 0.0.0)
      logrotate (>= 0.0.0)
      mysql (>= 0.0.0)
      supervisor (>= 0.0.0)

GIT
  remote: https://github.com/ffuenf/chef-dotdeb
  ref: master
  sha: 9ed0d354a95eba0791612112a5973ecacb44ac1f
  specs:
    dotdeb (0.0.8)
      apt (>= 0.0.0)

GIT
  remote: https://github.com/poise/supervisor
  ref: master
  sha: 7fb41ff6b73649cdd19fff432564bb14adfd8b20
  specs:
    supervisor (0.4.11)
      python (>= 0.0.0)

DEPENDENCIES
  apt (>= 0)
  build-essential (>= 0)
  composer (>= 0)
  dotdeb (>= 0)
  git (>= 0)
  grimoire (>= 0)
  jacobine (>= 0)
  linguist (>= 0)
  mysql (>= 0)
  php (>= 0)
  python (>= 0)
  rabbitmq (>= 0)
  supervisor (>= 0)
  vim (>= 0)

