SITE
  remote: http://community.opscode.com/api/v1
  specs:
    apache2 (1.10.4)
      iptables (>= 0.0.0)
      logrotate (>= 0.0.0)
      pacman (>= 0.0.0)
    apt (2.3.10)
    aws (2.2.0)
    chef_handler (1.1.6)
    composer (1.0.1)
      php (>= 0.0.0)
    database (2.1.8)
      aws (>= 0.0.0)
      mysql (>= 5.0.0)
      mysql-chef_gem (>= 0.0.0)
      postgresql (>= 1.0.0)
      xfs (>= 0.0.0)
    dmg (2.2.0)
    erlang (1.5.4)
      apt (>= 1.7.0)
      build-essential (>= 0.0.0)
      yum (~> 3.0)
      yum-epel (>= 0.0.0)
      yum-erlang_solutions (>= 0.0.0)
    git (4.0.2)
      build-essential (>= 0.0.0)
      dmg (>= 0.0.0)
      runit (>= 1.0.0)
      windows (>= 0.0.0)
      yum (~> 3.0)
      yum-epel (>= 0.0.0)
    iis (2.1.2)
      windows (>= 1.2.6)
    iptables (0.13.2)
    logrotate (1.5.0)
    mysql (5.2.2)
    mysql-chef_gem (0.0.2)
      build-essential (>= 0.0.0)
      mysql (>= 0.0.0)
    openssl (1.1.0)
    pacman (1.1.1)
    php (1.4.6)
      build-essential (>= 0.0.0)
      iis (>= 0.0.0)
      mysql (>= 0.0.0)
      windows (>= 0.0.0)
      xml (>= 0.0.0)
      yum-epel (>= 0.0.0)
    postgresql (3.4.0)
      apt (>= 1.9.0)
      build-essential (>= 0.0.0)
      openssl (>= 0.0.0)
    python (1.4.6)
      build-essential (>= 0.0.0)
      yum-epel (>= 0.0.0)
    rabbitmq (3.2.0)
      erlang (>= 0.9.0)
    rubygems (0.3.0)
    runit (1.5.10)
      build-essential (>= 0.0.0)
      yum (~> 3.0)
      yum-epel (>= 0.0.0)
    vim (1.1.2)
    windows (1.30.2)
      chef_handler (>= 0.0.0)
    xfs (1.1.0)
    xml (1.2.4)
      build-essential (>= 0.0.0)
    yum (3.2.0)
    yum-epel (0.3.6)
      yum (~> 3.0)
    yum-erlang_solutions (0.2.0)
      yum (~> 3.0)

GIT
  remote: https://github.com/andygrunwald/build-essential
  ref: develop
  sha: 26161cf8fc8aa0624d2664d2c506050e3cb37256
  specs:
    build-essential (2.0.1)

GIT
  remote: https://github.com/andygrunwald/chef-cvsanaly
  ref: master
  sha: 3dbe1e625d3aae4cb012cc2e99904db8ce856bb3
  specs:
    cvsanaly (1.2.0)
      repositoryhandler (>= 0.0.0)

GIT
  remote: https://github.com/andygrunwald/chef-github-linguist
  ref: master
  sha: e581bc17aa1ed1623ffd1d915e529877a063d8ab
  specs:
    linguist (2.0.0)
      git (>= 0.0.0)
      rubygems (>= 0.0.0)

GIT
  remote: https://github.com/andygrunwald/chef-jacobine.git
  ref: master
  sha: 11f8033bad77431924875cb300a9c13aaba5f57d
  specs:
    jacobine (3.0.0)
      apache2 (>= 0.0.0)
      composer (>= 0.0.0)
      database (>= 0.0.0)
      logrotate (>= 0.0.0)
      mysql (>= 0.0.0)
      supervisor (>= 0.0.0)

GIT
  remote: https://github.com/andygrunwald/chef-repositoryhandler
  ref: master
  sha: a58131c18a825223d1112524a2a9b47f2031a936
  specs:
    repositoryhandler (1.2.0)
      git (>= 0.0.0)
      python (>= 0.0.0)

GIT
  remote: https://github.com/ffuenf/chef-dotdeb
  ref: master
  sha: 9ed0d354a95eba0791612112a5973ecacb44ac1f
  specs:
    dotdeb (0.0.8)
      apt (>= 0.0.0)

GIT
  remote: https://github.com/poise/supervisor
  ref: master
  sha: 7fb41ff6b73649cdd19fff432564bb14adfd8b20
  specs:
    supervisor (0.4.11)
      python (>= 0.0.0)

DEPENDENCIES
  apt (>= 0)
  build-essential (>= 0)
  composer (>= 0)
  cvsanaly (>= 0)
  dotdeb (>= 0)
  git (>= 0)
  jacobine (>= 0)
  linguist (>= 0)
  mysql (>= 0)
  php (>= 0)
  python (>= 0)
  rabbitmq (>= 0)
  repositoryhandler (>= 0)
  supervisor (>= 0)
  vim (>= 0)

